
Microsoft Visual Studio Solution File, Format Version 12.00
# Visual Studio Version 16
VisualStudioVersion = 16.0.31112.23
MinimumVisualStudioVersion = 10.0.40219.1
Project("{FAE04EC0-301F-11D3-BF4B-00C04F79EFBC}") = "Apliación 2", "Apliación 2.csproj", "{1FEE2C05-5752-42DD-9DC8-932AB80E8E50}"
EndProject
Global
	GlobalSection(SolutionConfigurationPlatforms) = preSolution
		Debug|Any CPU = Debug|Any CPU
		Release|Any CPU = Release|Any CPU
	EndGlobalSection
	GlobalSection(ProjectConfigurationPlatforms) = postSolution
		{1FEE2C05-5752-42DD-9DC8-932AB80E8E50}.Debug|Any CPU.ActiveCfg = Debug|Any CPU
		{1FEE2C05-5752-42DD-9DC8-932AB80E8E50}.Debug|Any CPU.Build.0 = Debug|Any CPU
		{1FEE2C05-5752-42DD-9DC8-932AB80E8E50}.Release|Any CPU.ActiveCfg = Release|Any CPU
		{1FEE2C05-5752-42DD-9DC8-932AB80E8E50}.Release|Any CPU.Build.0 = Release|Any CPU
	EndGlobalSection
	GlobalSection(SolutionProperties) = preSolution
		HideSolutionNode = FALSE
	EndGlobalSection
	GlobalSection(ExtensibilityGlobals) = postSolution
		SolutionGuid = {07158BE6-A6C0-40BC-9BC5-6306729F7350}
	EndGlobalSection
EndGlobal
